Microsoft Visual Studio Solution File, Format Version 12.00
# Visual Studio Version 17
VisualStudioVersion = 17.0.31903.59
MinimumVisualStudioVersion = 10.0.40219.1
Project("{FAE04EC0-301F-11D3-BF4B-00C04F79EFBC}") = "TradeMind.KnowledgeHub.Domain", "src/TradeMind.KnowledgeHub.Domain/TradeMind.KnowledgeHub.Domain.csproj", "{A5D7E105-1B33-41D9-9879-514E82A0D101}"
EndProject
Project("{FAE04EC0-301F-11D3-BF4B-00C04F79EFBC}") = "TradeMind.KnowledgeHub.Application", "src/TradeMind.KnowledgeHub.Application/TradeMind.KnowledgeHub.Application.csproj", "{A5D7E105-1B33-41D9-9879-514E82A0D102}"
EndProject
Project("{FAE04EC0-301F-11D3-BF4B-00C04F79EFBC}") = "TradeMind.KnowledgeHub.Infrastructure", "src/TradeMind.KnowledgeHub.Infrastructure/TradeMind.KnowledgeHub.Infrastructure.csproj", "{A5D7E105-1B33-41D9-9879-514E82A0D103}"
EndProject
Project("{FAE04EC0-301F-11D3-BF4B-00C04F79EFBC}") = "TradeMind.Api", "src/TradeMind.Api/TradeMind.Api.csproj", "{A5D7E105-1B33-41D9-9879-514E82A0D104}"
EndProject
Project("{FAE04EC0-301F-11D3-BF4B-00C04F79EFBC}") = "TradeMind.KnowledgeHub.Tests", "tests/TradeMind.KnowledgeHub.Tests/TradeMind.KnowledgeHub.Tests.csproj", "{A5D7E105-1B33-41D9-9879-514E82A0D105}"
EndProject
Project("{FAE04EC0-301F-11D3-BF4B-00C04F79EFBC}") = "TradeMind.KnowledgeHub.IntegrationTests", "tests/TradeMind.KnowledgeHub.IntegrationTests/TradeMind.KnowledgeHub.IntegrationTests.csproj", "{7F233C19-E537-43F7-A344-DA9A5ECD1B48}"
EndProject
Project("{FAE04EC0-301F-11D3-BF4B-00C04F79EFBC}") = "TradeMind.AI.Abstractions", "src/TradeMind.AI.Abstractions/TradeMind.AI.Abstractions.csproj", "{047F1EC1-5A79-4F05-8F32-D38A9EA0A528}"
EndProject
Project("{FAE04EC0-301F-11D3-BF4B-00C04F79EFBC}") = "TradeMind.AI.Infrastructure", "src/TradeMind.AI.Infrastructure/TradeMind.AI.Infrastructure.csproj", "{FC744E2E-6428-42D5-910A-8A85CF4A3A38}"
EndProject
Project("{FAE04EC0-301F-11D3-BF4B-00C04F79EFBC}") = "TradeMind.AI.Tests", "tests/TradeMind.AI.Tests/TradeMind.AI.Tests.csproj", "{CCA20B18-BEF5-4650-A704-A3291C588D87}"
EndProject
Project("{FAE04EC0-301F-11D3-BF4B-00C04F79EFBC}") = "TradeMind.AI.Application", "src/TradeMind.AI.Application/TradeMind.AI.Application.csproj", "{8FD89FAC-8602-4722-AB74-4D4855BD8295}"
EndProject
Project("{FAE04EC0-301F-11D3-BF4B-00C04F79EFBC}") = "TradeMind.AI.Memory", "src/TradeMind.AI.Memory/TradeMind.AI.Memory.csproj", "{5D1EBC8D-01C1-4507-A8A2-9A6BBAAA55FE}"
EndProject
Project("{FAE04EC0-301F-11D3-BF4B-00C04F79EFBC}") = "TradeMind.AI.Knowledge", "src/TradeMind.AI.Knowledge/TradeMind.AI.Knowledge.csproj", "{6DF1DD37-84DA-4A7B-8412-663210508ADA}"
EndProject
Project("{FAE04EC0-301F-11D3-BF4B-00C04F79EFBC}") = "TradeMind.AI.Tools", "src/TradeMind.AI.Tools/TradeMind.AI.Tools.csproj", "{D9700F5D-6FE1-4D61-AE0E-9C9D65C724C2}"
EndProject
Project("{FAE04EC0-301F-11D3-BF4B-00C04F79EFBC}") = "TradeMind.AI.Agents", "src/TradeMind.AI.Agents/TradeMind.AI.Agents.csproj", "{AD3D8EC7-F845-4F06-896F-BDAAA92B321F}"
EndProject
Project("{FAE04EC0-301F-11D3-BF4B-00C04F79EFBC}") = "TradeMind.Trading.Coaching", "src/TradeMind.Trading.Coaching/TradeMind.Trading.Coaching.csproj", "{3B2A4E31-6C52-4A72-A71B-95A3D41E0C11}"
EndProject
Project("{FAE04EC0-301F-11D3-BF4B-00C04F79EFBC}") = "TradeMind.Trading.Coaching.Tests", "tests/TradeMind.Trading.Coaching.Tests/TradeMind.Trading.Coaching.Tests.csproj", "{4C3B5F42-7D63-4B83-B82C-A6B4E52F1D22}"
EndProject
Project("{FAE04EC0-301F-11D3-BF4B-00C04F79EFBC}") = "TradeMind.Trading.Analytics", "src/TradeMind.Trading.Analytics/TradeMind.Trading.Analytics.csproj", "{DA9A97AC-219F-4B2D-A162-72A1E112B4BF}"
EndProject
Project("{FAE04EC0-301F-11D3-BF4B-00C04F79EFBC}") = "TradeMind.Trading.Analytics.Tests", "tests/TradeMind.Trading.Analytics.Tests/TradeMind.Trading.Analytics.Tests.csproj", "{740BEF96-4E85-423B-8094-5D519F112D1B}"
EndProject
Project("{FAE04EC0-301F-11D3-BF4B-00C04F79EFBC}") = "TradeMind.Market.Abstractions", "src/TradeMind.Market.Abstractions/TradeMind.Market.Abstractions.csproj", "{F4A16E97-4E0D-40B2-A781-1157A8C00B21}"
EndProject
Project("{FAE04EC0-301F-11D3-BF4B-00C04F79EFBC}") = "TradeMind.Market.Abstractions.Tests", "tests/TradeMind.Market.Abstractions.Tests/TradeMind.Market.Abstractions.Tests.csproj", "{2C68F148-22FB-4B7D-A733-BA5CB797D4E2}"
EndProject
Project("{FAE04EC0-301F-11D3-BF4B-00C04F79EFBC}") = "TradeMind.MarketConnectors.Domain", "src/TradeMind.MarketConnectors.Domain/TradeMind.MarketConnectors.Domain.csproj", "{DE03F42F-AC18-4D79-BE55-E694E6019301}"
EndProject
Project("{FAE04EC0-301F-11D3-BF4B-00C04F79EFBC}") = "TradeMind.MarketConnectors.Application", "src/TradeMind.MarketConnectors.Application/TradeMind.MarketConnectors.Application.csproj", "{D68BE181-6AF4-4B22-B8AA-C8E188B79602}"
EndProject
Project("{FAE04EC0-301F-11D3-BF4B-00C04F79EFBC}") = "TradeMind.MarketConnectors.Infrastructure", "src/TradeMind.MarketConnectors.Infrastructure/TradeMind.MarketConnectors.Infrastructure.csproj", "{507E54A0-870B-4706-A9BE-83EE24A03F03}"
EndProject
Project("{FAE04EC0-301F-11D3-BF4B-00C04F79EFBC}") = "TradeMind.MarketConnectors.Tests", "tests/TradeMind.MarketConnectors.Tests/TradeMind.MarketConnectors.Tests.csproj", "{5A7C8D91-C15E-49DE-A0CB-837683C31104}"
EndProject
Project("{FAE04EC0-301F-11D3-BF4B-00C04F79EFBC}") = "TradeMind.MarketConnectors.IntegrationTests", "tests/TradeMind.MarketConnectors.IntegrationTests/TradeMind.MarketConnectors.IntegrationTests.csproj", "{82D5117E-3C71-43CA-95E3-8AA3F4AE1505}"
EndProject
Project("{FAE04EC0-301F-11D3-BF4B-00C04F79EFBC}") = "TradeMind.AI.Context.Domain", "src/TradeMind.AI.Context.Domain/TradeMind.AI.Context.Domain.csproj", "{CC8C7C22-367E-4262-80A8-6757D0B84C89}"
EndProject
Project("{FAE04EC0-301F-11D3-BF4B-00C04F79EFBC}") = "TradeMind.AI.Context.Application", "src/TradeMind.AI.Context.Application/TradeMind.AI.Context.Application.csproj", "{242F555A-0C2D-497A-8B47-D451FB1087CC}"
EndProject
Project("{FAE04EC0-301F-11D3-BF4B-00C04F79EFBC}") = "TradeMind.AI.Context.Infrastructure", "src/TradeMind.AI.Context.Infrastructure/TradeMind.AI.Context.Infrastructure.csproj", "{AE49EEB9-14D1-4A10-B7B8-DC3FB91B0586}"
EndProject
Project("{FAE04EC0-301F-11D3-BF4B-00C04F79EFBC}") = "TradeMind.AI.Context.Tests", "tests/TradeMind.AI.Context.Tests/TradeMind.AI.Context.Tests.csproj", "{C210C57C-6AC8-41E9-A9BD-575F6AE30EDD}"
EndProject
Project("{FAE04EC0-301F-11D3-BF4B-00C04F79EFBC}") = "TradeMind.AI.Context.IntegrationTests", "tests/TradeMind.AI.Context.IntegrationTests/TradeMind.AI.Context.IntegrationTests.csproj", "{A2932B93-7628-46BA-B716-321D8BED82E3}"
EndProject
Project("{FAE04EC0-301F-11D3-BF4B-00C04F79EFBC}") = "TradeMind.AI.ExpertAgents.Domain", "src/TradeMind.AI.ExpertAgents.Domain/TradeMind.AI.ExpertAgents.Domain.csproj", "{BE6FF168-4D58-4468-BF2F-1DB9C33DD14A}"
EndProject
Project("{FAE04EC0-301F-11D3-BF4B-00C04F79EFBC}") = "TradeMind.AI.ExpertAgents.Application", "src/TradeMind.AI.ExpertAgents.Application/TradeMind.AI.ExpertAgents.Application.csproj", "{D82B1E69-7F2A-4CCF-899C-75882EF00E82}"
EndProject
Project("{FAE04EC0-301F-11D3-BF4B-00C04F79EFBC}") = "TradeMind.AI.ExpertAgents.Tests", "tests/TradeMind.AI.ExpertAgents.Tests/TradeMind.AI.ExpertAgents.Tests.csproj", "{C50A7C05-70B0-4803-9DDE-62DB353AD7A5}"
EndProject
Project("{FAE04EC0-301F-11D3-BF4B-00C04F79EFBC}") = "TradeMind.AI.ExpertAgents.Dispatch.Domain", "src/TradeMind.AI.ExpertAgents.Dispatch.Domain/TradeMind.AI.ExpertAgents.Dispatch.Domain.csproj", "{E99A5771-B6A9-4A5D-BA90-A4D3400ECE1D}"
EndProject
Project("{FAE04EC0-301F-11D3-BF4B-00C04F79EFBC}") = "TradeMind.AI.ExpertAgents.Dispatch.Application", "src/TradeMind.AI.ExpertAgents.Dispatch.Application/TradeMind.AI.ExpertAgents.Dispatch.Application.csproj", "{2F1C21C9-96F6-455F-B6F2-B349EC734DF2}"
EndProject
Project("{FAE04EC0-301F-11D3-BF4B-00C04F79EFBC}") = "TradeMind.AI.ExpertAgents.Dispatch.Tests", "tests/TradeMind.AI.ExpertAgents.Dispatch.Tests/TradeMind.AI.ExpertAgents.Dispatch.Tests.csproj", "{161AE459-930B-4252-A22E-7116F4160D7F}"
EndProject
Project("{FAE04EC0-301F-11D3-BF4B-00C04F79EFBC}") = "TradeMind.AI.ExpertAgents.Consensus.Domain", "src/TradeMind.AI.ExpertAgents.Consensus.Domain/TradeMind.AI.ExpertAgents.Consensus.Domain.csproj", "{B221C61B-B380-4522-8217-C76771F55B69}"
EndProject
Project("{FAE04EC0-301F-11D3-BF4B-00C04F79EFBC}") = "TradeMind.AI.ExpertAgents.Consensus.Application", "src/TradeMind.AI.ExpertAgents.Consensus.Application/TradeMind.AI.ExpertAgents.Consensus.Application.csproj", "{23C6AE5C-FF56-44DC-90E6-C52ABC71C22D}"
EndProject
Project("{FAE04EC0-301F-11D3-BF4B-00C04F79EFBC}") = "TradeMind.AI.ExpertAgents.Consensus.Tests", "tests/TradeMind.AI.ExpertAgents.Consensus.Tests/TradeMind.AI.ExpertAgents.Consensus.Tests.csproj", "{29D71967-6777-4CBB-9F12-292C6A56C1B4}"
EndProject
Global
  GlobalSection(SolutionConfigurationPlatforms) = preSolution
    Debug|Any CPU = Debug|Any CPU
    Release|Any CPU = Release|Any CPU
  EndGlobalSection
  GlobalSection(ProjectConfigurationPlatforms) = postSolution
    {A5D7E105-1B33-41D9-9879-514E82A0D101}.Debug|Any CPU.ActiveCfg = Debug|Any CPU
    {A5D7E105-1B33-41D9-9879-514E82A0D101}.Debug|Any CPU.Build.0 = Debug|Any CPU
    {A5D7E105-1B33-41D9-9879-514E82A0D101}.Release|Any CPU.ActiveCfg = Release|Any CPU
    {A5D7E105-1B33-41D9-9879-514E82A0D101}.Release|Any CPU.Build.0 = Release|Any CPU
    {A5D7E105-1B33-41D9-9879-514E82A0D102}.Debug|Any CPU.ActiveCfg = Debug|Any CPU
    {A5D7E105-1B33-41D9-9879-514E82A0D102}.Debug|Any CPU.Build.0 = Debug|Any CPU
    {A5D7E105-1B33-41D9-9879-514E82A0D102}.Release|Any CPU.ActiveCfg = Release|Any CPU
    {A5D7E105-1B33-41D9-9879-514E82A0D102}.Release|Any CPU.Build.0 = Release|Any CPU
    {A5D7E105-1B33-41D9-9879-514E82A0D103}.Debug|Any CPU.ActiveCfg = Debug|Any CPU
    {A5D7E105-1B33-41D9-9879-514E82A0D103}.Debug|Any CPU.Build.0 = Debug|Any CPU
    {A5D7E105-1B33-41D9-9879-514E82A0D103}.Release|Any CPU.ActiveCfg = Release|Any CPU
    {A5D7E105-1B33-41D9-9879-514E82A0D103}.Release|Any CPU.Build.0 = Release|Any CPU
    {A5D7E105-1B33-41D9-9879-514E82A0D104}.Debug|Any CPU.ActiveCfg = Debug|Any CPU
    {A5D7E105-1B33-41D9-9879-514E82A0D104}.Debug|Any CPU.Build.0 = Debug|Any CPU
    {A5D7E105-1B33-41D9-9879-514E82A0D104}.Release|Any CPU.ActiveCfg = Release|Any CPU
    {A5D7E105-1B33-41D9-9879-514E82A0D104}.Release|Any CPU.Build.0 = Release|Any CPU
    {A5D7E105-1B33-41D9-9879-514E82A0D105}.Debug|Any CPU.ActiveCfg = Debug|Any CPU
    {A5D7E105-1B33-41D9-9879-514E82A0D105}.Debug|Any CPU.Build.0 = Debug|Any CPU
    {A5D7E105-1B33-41D9-9879-514E82A0D105}.Release|Any CPU.ActiveCfg = Release|Any CPU
    {A5D7E105-1B33-41D9-9879-514E82A0D105}.Release|Any CPU.Build.0 = Release|Any CPU
    {7F233C19-E537-43F7-A344-DA9A5ECD1B48}.Debug|Any CPU.ActiveCfg = Debug|Any CPU
    {7F233C19-E537-43F7-A344-DA9A5ECD1B48}.Debug|Any CPU.Build.0 = Debug|Any CPU
    {7F233C19-E537-43F7-A344-DA9A5ECD1B48}.Release|Any CPU.ActiveCfg = Release|Any CPU
    {7F233C19-E537-43F7-A344-DA9A5ECD1B48}.Release|Any CPU.Build.0 = Release|Any CPU
    {047F1EC1-5A79-4F05-8F32-D38A9EA0A528}.Debug|Any CPU.ActiveCfg = Debug|Any CPU
    {047F1EC1-5A79-4F05-8F32-D38A9EA0A528}.Debug|Any CPU.Build.0 = Debug|Any CPU
    {047F1EC1-5A79-4F05-8F32-D38A9EA0A528}.Release|Any CPU.ActiveCfg = Release|Any CPU
    {047F1EC1-5A79-4F05-8F32-D38A9EA0A528}.Release|Any CPU.Build.0 = Release|Any CPU
    {FC744E2E-6428-42D5-910A-8A85CF4A3A38}.Debug|Any CPU.ActiveCfg = Debug|Any CPU
    {FC744E2E-6428-42D5-910A-8A85CF4A3A38}.Debug|Any CPU.Build.0 = Debug|Any CPU
    {FC744E2E-6428-42D5-910A-8A85CF4A3A38}.Release|Any CPU.ActiveCfg = Release|Any CPU
    {FC744E2E-6428-42D5-910A-8A85CF4A3A38}.Release|Any CPU.Build.0 = Release|Any CPU
    {CCA20B18-BEF5-4650-A704-A3291C588D87}.Debug|Any CPU.ActiveCfg = Debug|Any CPU
    {CCA20B18-BEF5-4650-A704-A3291C588D87}.Debug|Any CPU.Build.0 = Debug|Any CPU
    {CCA20B18-BEF5-4650-A704-A3291C588D87}.Release|Any CPU.ActiveCfg = Release|Any CPU
    {CCA20B18-BEF5-4650-A704-A3291C588D87}.Release|Any CPU.Build.0 = Release|Any CPU
    {8FD89FAC-8602-4722-AB74-4D4855BD8295}.Debug|Any CPU.ActiveCfg = Debug|Any CPU
    {8FD89FAC-8602-4722-AB74-4D4855BD8295}.Debug|Any CPU.Build.0 = Debug|Any CPU
    {8FD89FAC-8602-4722-AB74-4D4855BD8295}.Release|Any CPU.ActiveCfg = Release|Any CPU
    {8FD89FAC-8602-4722-AB74-4D4855BD8295}.Release|Any CPU.Build.0 = Release|Any CPU
    {5D1EBC8D-01C1-4507-A8A2-9A6BBAAA55FE}.Debug|Any CPU.ActiveCfg = Debug|Any CPU
    {5D1EBC8D-01C1-4507-A8A2-9A6BBAAA55FE}.Debug|Any CPU.Build.0 = Debug|Any CPU
    {5D1EBC8D-01C1-4507-A8A2-9A6BBAAA55FE}.Release|Any CPU.ActiveCfg = Release|Any CPU
    {5D1EBC8D-01C1-4507-A8A2-9A6BBAAA55FE}.Release|Any CPU.Build.0 = Release|Any CPU
    {6DF1DD37-84DA-4A7B-8412-663210508ADA}.Debug|Any CPU.ActiveCfg = Debug|Any CPU
    {6DF1DD37-84DA-4A7B-8412-663210508ADA}.Debug|Any CPU.Build.0 = Debug|Any CPU
    {6DF1DD37-84DA-4A7B-8412-663210508ADA}.Release|Any CPU.ActiveCfg = Release|Any CPU
    {6DF1DD37-84DA-4A7B-8412-663210508ADA}.Release|Any CPU.Build.0 = Release|Any CPU
    {D9700F5D-6FE1-4D61-AE0E-9C9D65C724C2}.Debug|Any CPU.ActiveCfg = Debug|Any CPU
    {D9700F5D-6FE1-4D61-AE0E-9C9D65C724C2}.Debug|Any CPU.Build.0 = Debug|Any CPU
    {D9700F5D-6FE1-4D61-AE0E-9C9D65C724C2}.Release|Any CPU.ActiveCfg = Release|Any CPU
    {D9700F5D-6FE1-4D61-AE0E-9C9D65C724C2}.Release|Any CPU.Build.0 = Release|Any CPU
    {AD3D8EC7-F845-4F06-896F-BDAAA92B321F}.Debug|Any CPU.ActiveCfg = Debug|Any CPU
    {AD3D8EC7-F845-4F06-896F-BDAAA92B321F}.Debug|Any CPU.Build.0 = Debug|Any CPU
    {AD3D8EC7-F845-4F06-896F-BDAAA92B321F}.Release|Any CPU.ActiveCfg = Release|Any CPU
    {AD3D8EC7-F845-4F06-896F-BDAAA92B321F}.Release|Any CPU.Build.0 = Release|Any CPU
    {3B2A4E31-6C52-4A72-A71B-95A3D41E0C11}.Debug|Any CPU.ActiveCfg = Debug|Any CPU
    {3B2A4E31-6C52-4A72-A71B-95A3D41E0C11}.Debug|Any CPU.Build.0 = Debug|Any CPU
    {3B2A4E31-6C52-4A72-A71B-95A3D41E0C11}.Release|Any CPU.ActiveCfg = Release|Any CPU
    {3B2A4E31-6C52-4A72-A71B-95A3D41E0C11}.Release|Any CPU.Build.0 = Release|Any CPU
    {4C3B5F42-7D63-4B83-B82C-A6B4E52F1D22}.Debug|Any CPU.ActiveCfg = Debug|Any CPU
    {4C3B5F42-7D63-4B83-B82C-A6B4E52F1D22}.Debug|Any CPU.Build.0 = Debug|Any CPU
    {4C3B5F42-7D63-4B83-B82C-A6B4E52F1D22}.Release|Any CPU.ActiveCfg = Release|Any CPU
    {4C3B5F42-7D63-4B83-B82C-A6B4E52F1D22}.Release|Any CPU.Build.0 = Release|Any CPU
    {DA9A97AC-219F-4B2D-A162-72A1E112B4BF}.Debug|Any CPU.ActiveCfg = Debug|Any CPU
    {DA9A97AC-219F-4B2D-A162-72A1E112B4BF}.Debug|Any CPU.Build.0 = Debug|Any CPU
    {DA9A97AC-219F-4B2D-A162-72A1E112B4BF}.Release|Any CPU.ActiveCfg = Release|Any CPU
    {DA9A97AC-219F-4B2D-A162-72A1E112B4BF}.Release|Any CPU.Build.0 = Release|Any CPU
    {740BEF96-4E85-423B-8094-5D519F112D1B}.Debug|Any CPU.ActiveCfg = Debug|Any CPU
    {740BEF96-4E85-423B-8094-5D519F112D1B}.Debug|Any CPU.Build.0 = Debug|Any CPU
    {740BEF96-4E85-423B-8094-5D519F112D1B}.Release|Any CPU.ActiveCfg = Release|Any CPU
    {740BEF96-4E85-423B-8094-5D519F112D1B}.Release|Any CPU.Build.0 = Release|Any CPU
    {F4A16E97-4E0D-40B2-A781-1157A8C00B21}.Debug|Any CPU.ActiveCfg = Debug|Any CPU
    {F4A16E97-4E0D-40B2-A781-1157A8C00B21}.Debug|Any CPU.Build.0 = Debug|Any CPU
    {F4A16E97-4E0D-40B2-A781-1157A8C00B21}.Release|Any CPU.ActiveCfg = Release|Any CPU
    {F4A16E97-4E0D-40B2-A781-1157A8C00B21}.Release|Any CPU.Build.0 = Release|Any CPU
    {2C68F148-22FB-4B7D-A733-BA5CB797D4E2}.Debug|Any CPU.ActiveCfg = Debug|Any CPU
    {2C68F148-22FB-4B7D-A733-BA5CB797D4E2}.Debug|Any CPU.Build.0 = Debug|Any CPU
    {2C68F148-22FB-4B7D-A733-BA5CB797D4E2}.Release|Any CPU.ActiveCfg = Release|Any CPU
    {2C68F148-22FB-4B7D-A733-BA5CB797D4E2}.Release|Any CPU.Build.0 = Release|Any CPU
    {DE03F42F-AC18-4D79-BE55-E694E6019301}.Debug|Any CPU.ActiveCfg = Debug|Any CPU
    {DE03F42F-AC18-4D79-BE55-E694E6019301}.Debug|Any CPU.Build.0 = Debug|Any CPU
    {DE03F42F-AC18-4D79-BE55-E694E6019301}.Release|Any CPU.ActiveCfg = Release|Any CPU
    {DE03F42F-AC18-4D79-BE55-E694E6019301}.Release|Any CPU.Build.0 = Release|Any CPU
    {D68BE181-6AF4-4B22-B8AA-C8E188B79602}.Debug|Any CPU.ActiveCfg = Debug|Any CPU
    {D68BE181-6AF4-4B22-B8AA-C8E188B79602}.Debug|Any CPU.Build.0 = Debug|Any CPU
    {D68BE181-6AF4-4B22-B8AA-C8E188B79602}.Release|Any CPU.ActiveCfg = Release|Any CPU
    {D68BE181-6AF4-4B22-B8AA-C8E188B79602}.Release|Any CPU.Build.0 = Release|Any CPU
    {507E54A0-870B-4706-A9BE-83EE24A03F03}.Debug|Any CPU.ActiveCfg = Debug|Any CPU
    {507E54A0-870B-4706-A9BE-83EE24A03F03}.Debug|Any CPU.Build.0 = Debug|Any CPU
    {507E54A0-870B-4706-A9BE-83EE24A03F03}.Release|Any CPU.ActiveCfg = Release|Any CPU
    {507E54A0-870B-4706-A9BE-83EE24A03F03}.Release|Any CPU.Build.0 = Release|Any CPU
    {5A7C8D91-C15E-49DE-A0CB-837683C31104}.Debug|Any CPU.ActiveCfg = Debug|Any CPU
    {5A7C8D91-C15E-49DE-A0CB-837683C31104}.Debug|Any CPU.Build.0 = Debug|Any CPU
    {5A7C8D91-C15E-49DE-A0CB-837683C31104}.Release|Any CPU.ActiveCfg = Release|Any CPU
    {5A7C8D91-C15E-49DE-A0CB-837683C31104}.Release|Any CPU.Build.0 = Release|Any CPU
    {82D5117E-3C71-43CA-95E3-8AA3F4AE1505}.Debug|Any CPU.ActiveCfg = Debug|Any CPU
    {82D5117E-3C71-43CA-95E3-8AA3F4AE1505}.Debug|Any CPU.Build.0 = Debug|Any CPU
    {82D5117E-3C71-43CA-95E3-8AA3F4AE1505}.Release|Any CPU.ActiveCfg = Release|Any CPU
    {82D5117E-3C71-43CA-95E3-8AA3F4AE1505}.Release|Any CPU.Build.0 = Release|Any CPU
    {CC8C7C22-367E-4262-80A8-6757D0B84C89}.Debug|Any CPU.ActiveCfg = Debug|Any CPU
    {CC8C7C22-367E-4262-80A8-6757D0B84C89}.Debug|Any CPU.Build.0 = Debug|Any CPU
    {CC8C7C22-367E-4262-80A8-6757D0B84C89}.Release|Any CPU.ActiveCfg = Release|Any CPU
    {CC8C7C22-367E-4262-80A8-6757D0B84C89}.Release|Any CPU.Build.0 = Release|Any CPU
    {242F555A-0C2D-497A-8B47-D451FB1087CC}.Debug|Any CPU.ActiveCfg = Debug|Any CPU
    {242F555A-0C2D-497A-8B47-D451FB1087CC}.Debug|Any CPU.Build.0 = Debug|Any CPU
    {242F555A-0C2D-497A-8B47-D451FB1087CC}.Release|Any CPU.ActiveCfg = Release|Any CPU
    {242F555A-0C2D-497A-8B47-D451FB1087CC}.Release|Any CPU.Build.0 = Release|Any CPU
    {AE49EEB9-14D1-4A10-B7B8-DC3FB91B0586}.Debug|Any CPU.ActiveCfg = Debug|Any CPU
    {AE49EEB9-14D1-4A10-B7B8-DC3FB91B0586}.Debug|Any CPU.Build.0 = Debug|Any CPU
    {AE49EEB9-14D1-4A10-B7B8-DC3FB91B0586}.Release|Any CPU.ActiveCfg = Release|Any CPU
    {AE49EEB9-14D1-4A10-B7B8-DC3FB91B0586}.Release|Any CPU.Build.0 = Release|Any CPU
    {C210C57C-6AC8-41E9-A9BD-575F6AE30EDD}.Debug|Any CPU.ActiveCfg = Debug|Any CPU
    {C210C57C-6AC8-41E9-A9BD-575F6AE30EDD}.Debug|Any CPU.Build.0 = Debug|Any CPU
    {C210C57C-6AC8-41E9-A9BD-575F6AE30EDD}.Release|Any CPU.ActiveCfg = Release|Any CPU
    {C210C57C-6AC8-41E9-A9BD-575F6AE30EDD}.Release|Any CPU.Build.0 = Release|Any CPU
    {A2932B93-7628-46BA-B716-321D8BED82E3}.Debug|Any CPU.ActiveCfg = Debug|Any CPU
    {A2932B93-7628-46BA-B716-321D8BED82E3}.Debug|Any CPU.Build.0 = Debug|Any CPU
    {A2932B93-7628-46BA-B716-321D8BED82E3}.Release|Any CPU.ActiveCfg = Release|Any CPU
    {A2932B93-7628-46BA-B716-321D8BED82E3}.Release|Any CPU.Build.0 = Release|Any CPU
    {BE6FF168-4D58-4468-BF2F-1DB9C33DD14A}.Debug|Any CPU.ActiveCfg = Debug|Any CPU
    {BE6FF168-4D58-4468-BF2F-1DB9C33DD14A}.Debug|Any CPU.Build.0 = Debug|Any CPU
    {BE6FF168-4D58-4468-BF2F-1DB9C33DD14A}.Release|Any CPU.ActiveCfg = Release|Any CPU
    {BE6FF168-4D58-4468-BF2F-1DB9C33DD14A}.Release|Any CPU.Build.0 = Release|Any CPU
    {D82B1E69-7F2A-4CCF-899C-75882EF00E82}.Debug|Any CPU.ActiveCfg = Debug|Any CPU
    {D82B1E69-7F2A-4CCF-899C-75882EF00E82}.Debug|Any CPU.Build.0 = Debug|Any CPU
    {D82B1E69-7F2A-4CCF-899C-75882EF00E82}.Release|Any CPU.ActiveCfg = Release|Any CPU
    {D82B1E69-7F2A-4CCF-899C-75882EF00E82}.Release|Any CPU.Build.0 = Release|Any CPU
    {C50A7C05-70B0-4803-9DDE-62DB353AD7A5}.Debug|Any CPU.ActiveCfg = Debug|Any CPU
    {C50A7C05-70B0-4803-9DDE-62DB353AD7A5}.Debug|Any CPU.Build.0 = Debug|Any CPU
    {C50A7C05-70B0-4803-9DDE-62DB353AD7A5}.Release|Any CPU.ActiveCfg = Release|Any CPU
    {C50A7C05-70B0-4803-9DDE-62DB353AD7A5}.Release|Any CPU.Build.0 = Release|Any CPU
    {E99A5771-B6A9-4A5D-BA90-A4D3400ECE1D}.Debug|Any CPU.ActiveCfg = Debug|Any CPU
    {E99A5771-B6A9-4A5D-BA90-A4D3400ECE1D}.Debug|Any CPU.Build.0 = Debug|Any CPU
    {E99A5771-B6A9-4A5D-BA90-A4D3400ECE1D}.Release|Any CPU.ActiveCfg = Release|Any CPU
    {E99A5771-B6A9-4A5D-BA90-A4D3400ECE1D}.Release|Any CPU.Build.0 = Release|Any CPU
    {2F1C21C9-96F6-455F-B6F2-B349EC734DF2}.Debug|Any CPU.ActiveCfg = Debug|Any CPU
    {2F1C21C9-96F6-455F-B6F2-B349EC734DF2}.Debug|Any CPU.Build.0 = Debug|Any CPU
    {2F1C21C9-96F6-455F-B6F2-B349EC734DF2}.Release|Any CPU.ActiveCfg = Release|Any CPU
    {2F1C21C9-96F6-455F-B6F2-B349EC734DF2}.Release|Any CPU.Build.0 = Release|Any CPU
    {161AE459-930B-4252-A22E-7116F4160D7F}.Debug|Any CPU.ActiveCfg = Debug|Any CPU
    {161AE459-930B-4252-A22E-7116F4160D7F}.Debug|Any CPU.Build.0 = Debug|Any CPU
    {161AE459-930B-4252-A22E-7116F4160D7F}.Release|Any CPU.ActiveCfg = Release|Any CPU
    {161AE459-930B-4252-A22E-7116F4160D7F}.Release|Any CPU.Build.0 = Release|Any CPU
    {B221C61B-B380-4522-8217-C76771F55B69}.Debug|Any CPU.ActiveCfg = Debug|Any CPU
    {B221C61B-B380-4522-8217-C76771F55B69}.Debug|Any CPU.Build.0 = Debug|Any CPU
    {B221C61B-B380-4522-8217-C76771F55B69}.Release|Any CPU.ActiveCfg = Release|Any CPU
    {B221C61B-B380-4522-8217-C76771F55B69}.Release|Any CPU.Build.0 = Release|Any CPU
    {23C6AE5C-FF56-44DC-90E6-C52ABC71C22D}.Debug|Any CPU.ActiveCfg = Debug|Any CPU
    {23C6AE5C-FF56-44DC-90E6-C52ABC71C22D}.Debug|Any CPU.Build.0 = Debug|Any CPU
    {23C6AE5C-FF56-44DC-90E6-C52ABC71C22D}.Release|Any CPU.ActiveCfg = Release|Any CPU
    {23C6AE5C-FF56-44DC-90E6-C52ABC71C22D}.Release|Any CPU.Build.0 = Release|Any CPU
    {29D71967-6777-4CBB-9F12-292C6A56C1B4}.Debug|Any CPU.ActiveCfg = Debug|Any CPU
    {29D71967-6777-4CBB-9F12-292C6A56C1B4}.Debug|Any CPU.Build.0 = Debug|Any CPU
    {29D71967-6777-4CBB-9F12-292C6A56C1B4}.Release|Any CPU.ActiveCfg = Release|Any CPU
    {29D71967-6777-4CBB-9F12-292C6A56C1B4}.Release|Any CPU.Build.0 = Release|Any CPU
  EndGlobalSection
EndGlobal
